// !$*UTF8*$!
{
	archiveVersion = 1;
	classes = {
	};
	objectVersion = 77;
	objects = {

/* Begin PBXBuildFile section */
		6E8AAE5F2D7E105B002C2A1B /* FirebaseAnalytics in Frameworks */ = {isa = PBXBuildFile; productRef = 6E8AAE5E2D7E105B002C2A1B /* FirebaseAnalytics */; };
		6E8AAE622D7E10B8002C2A1B /* FirebaseAuth in Frameworks */ = {isa = PBXBuildFile; productRef = 6E8AAE612D7E10B8002C2A1B /* FirebaseAuth */; };
		6E8AAE642D7E10B8002C2A1B /* FirebaseCore in Frameworks */ = {isa = PBXBuildFile; productRef = 6E8AAE632D7E10B8002C2A1B /* FirebaseCore */; };
		6E8AAE662D7E10B8002C2A1B /* FirebaseDatabase in Frameworks */ = {isa = PBXBuildFile; productRef = 6E8AAE652D7E10B8002C2A1B /* FirebaseDatabase */; };
		6E8AAE682D7E10B8002C2A1B /* FirebaseFirestore in Frameworks */ = {isa = PBXBuildFile; productRef = 6E8AAE672D7E10B8002C2A1B /* FirebaseFirestore */; };
		6E8AAE6A2D7E10B8002C2A1B /* FirebaseFunctions in Frameworks */ = {isa = PBXBuildFile; productRef = 6E8AAE692D7E10B8002C2A1B /* FirebaseFunctions */; };
		6E8AAE6C2D7E10B8002C2A1B /* FirebaseMessaging in Frameworks */ = {isa = PBXBuildFile; productRef = 6E8AAE6B2D7E10B8002C2A1B /* FirebaseMessaging */; };
		6E8AAE6E2D7E10B8002C2A1B /* FirebaseStorage in Frameworks */ = {isa = PBXBuildFile; productRef = 6E8AAE6D2D7E10B8002C2A1B /* FirebaseStorage */; };
/* End PBXBuildFile section */

/* Begin PBXContainerItemProxy section */
		6E5EB4312D3536B600A5DEA9 /* PBXContainerItemProxy */ = {
			isa = PBXContainerItemProxy;
			containerPortal = 6E5EB4162D3536B400A5DEA9 /* Project object */;
			proxyType = 1;
			remoteGlobalIDString = 6E5EB41D2D3536B400A5DEA9;
			remoteInfo = "Vizion Gateway";
		};
		6E5EB43B2D3536B600A5DEA9 /* PBXContainerItemProxy */ = {
			isa = PBXContainerItemProxy;
			containerPortal = 6E5EB4162D3536B400A5DEA9 /* Project object */;
			proxyType = 1;
			remoteGlobalIDString = 6E5EB41D2D3536B400A5DEA9;
			remoteInfo = "Vizion Gateway";
		};
/* End PBXContainerItemProxy section */

/* Begin PBXFileReference section */
		6E5EB41E2D3536B400A5DEA9 /* Vizion Gateway.app */ = {isa = PBXFileReference; explicitFileType = wrapper.application; includeInIndex = 0; path = "Vizion Gateway.app"; sourceTree = BUILT_PRODUCTS_DIR; };
		6E5EB4302D3536B600A5DEA9 /* Vizion GatewayTests.xctest */ = {isa = PBXFileReference; explicitFileType = wrapper.cfbundle; includeInIndex = 0; path = "Vizion GatewayTests.xctest"; sourceTree = BUILT_PRODUCTS_DIR; };
		6E5EB43A2D3536B600A5DEA9 /* Vizion GatewayUITests.xctest */ = {isa = PBXFileReference; explicitFileType = wrapper.cfbundle; includeInIndex = 0; path = "Vizion GatewayUITests.xctest"; sourceTree = BUILT_PRODUCTS_DIR; };
/* End PBXFileReference section */

/* Begin PBXFileSystemSynchronizedRootGroup section */
		6E5EB4202D3536B400A5DEA9 /* Vizion Gateway */ = {
			isa = PBXFileSystemSynchronizedRootGroup;
			path = "Vizion Gateway";
			sourceTree = "<group>";
		};
		6E5EB4332D3536B600A5DEA9 /* Vizion GatewayTests */ = {
			isa = PBXFileSystemSynchronizedRootGroup;
			path = "Vizion GatewayTests";
			sourceTree = "<group>";
		};
		6E5EB43D2D3536B600A5DEA9 /* Vizion GatewayUITests */ = {
			isa = PBXFileSystemSynchronizedRootGroup;
			path = "Vizion GatewayUITests";
			sourceTree = "<group>";
		};
/* End PBXFileSystemSynchronizedRootGroup section */

/* Begin PBXFrameworksBuildPhase section */
		6E5EB41B2D3536B400A5DEA9 /* Frameworks */ = {
			isa = PBXFrameworksBuildPhase;
			buildActionMask = 2147483647;
			files = (
				6E8AAE5F2D7E105B002C2A1B /* FirebaseAnalytics in Frameworks */,
				6E8AAE642D7E10B8002C2A1B /* FirebaseCore in Frameworks */,
				6E8AAE6C2D7E10B8002C2A1B /* FirebaseMessaging in Frameworks */,
				6E8AAE662D7E10B8002C2A1B /* FirebaseDatabase in Frameworks */,
				6E8AAE6A2D7E10B8002C2A1B /* FirebaseFunctions in Frameworks */,
				6E8AAE6E2D7E10B8002C2A1B /* FirebaseStorage in Frameworks */,
				6E8AAE682D7E10B8002C2A1B /* FirebaseFirestore in Frameworks */,
				6E8AAE622D7E10B8002C2A1B /* FirebaseAuth in Frameworks */,
			);
			runOnlyForDeploymentPostprocessing = 0;
		};
		6E5EB42D2D3536B600A5DEA9 /* Frameworks */ = {
			isa = PBXFrameworksBuildPhase;
			buildActionMask = 2147483647;
			files = (
			);
			runOnlyForDeploymentPostprocessing = 0;
		};
		6E5EB4372D3536B600A5DEA9 /* Frameworks */ = {
			isa = PBXFrameworksBuildPhase;
			buildActionMask = 2147483647;
			files = (
			);
			runOnlyForDeploymentPostprocessing = 0;
		};
/* End PBXFrameworksBuildPhase section */

/* Begin PBXGroup section */
		6E5EB4152D3536B400A5DEA9 = {
			isa = PBXGroup;
			children = (
				6E5EB4202D3536B400A5DEA9 /* Vizion Gateway */,
				6E5EB4332D3536B600A5DEA9 /* Vizion GatewayTests */,
				6E5EB43D2D3536B600A5DEA9 /* Vizion GatewayUITests */,
				6E8AAE602D7E10B8002C2A1B /* Frameworks */,
				6E5EB41F2D3536B400A5DEA9 /* Products */,
			);
			sourceTree = "<group>";
		};
		6E5EB41F2D3536B400A5DEA9 /* Products */ = {
			isa = PBXGroup;
			children = (
				6E5EB41E2D3536B400A5DEA9 /* Vizion Gateway.app */,
				6E5EB4302D3536B600A5DEA9 /* Vizion GatewayTests.xctest */,
				6E5EB43A2D3536B600A5DEA9 /* Vizion GatewayUITests.xctest */,
			);
			name = Products;
			sourceTree = "<group>";
		};
		6E8AAE602D7E10B8002C2A1B /* Frameworks */ = {
			isa = PBXGroup;
			children = (
			);
			name = Frameworks;
			sourceTree = "<group>";
		};
/* End PBXGroup section */

/* Begin PBXNativeTarget section */
		6E5EB41D2D3536B400A5DEA9 /* Vizion Gateway */ = {
			isa = PBXNativeTarget;
			buildConfigurationList = 6E5EB4442D3536B600A5DEA9 /* Build configuration list for PBXNativeTarget "Vizion Gateway" */;
			buildPhases = (
				6E5EB41A2D3536B400A5DEA9 /* Sources */,
				6E5EB41B2D3536B400A5DEA9 /* Frameworks */,
				6E5EB41C2D3536B400A5DEA9 /* Resources */,
			);
			buildRules = (
			);
			dependencies = (
			);
			fileSystemSynchronizedGroups = (
				6E5EB4202D3536B400A5DEA9 /* Vizion Gateway */,
			);
			name = "Vizion Gateway";
			packageProductDependencies = (
				6E8AAE5E2D7E105B002C2A1B /* FirebaseAnalytics */,
				6E8AAE612D7E10B8002C2A1B /* FirebaseAuth */,
				6E8AAE632D7E10B8002C2A1B /* FirebaseCore */,
				6E8AAE652D7E10B8002C2A1B /* FirebaseDatabase */,
				6E8AAE672D7E10B8002C2A1B /* FirebaseFirestore */,
				6E8AAE692D7E10B8002C2A1B /* FirebaseFunctions */,
				6E8AAE6B2D7E10B8002C2A1B /* FirebaseMessaging */,
				6E8AAE6D2D7E10B8002C2A1B /* FirebaseStorage */,
			);
			productName = "Vizion Gateway";
			productReference = 6E5EB41E2D3536B400A5DEA9 /* Vizion Gateway.app */;
			productType = "com.apple.product-type.application";
		};
		6E5EB42F2D3536B600A5DEA9 /* Vizion GatewayTests */ = {
			isa = PBXNativeTarget;
			buildConfigurationList = 6E5EB4472D3536B600A5DEA9 /* Build configuration list for PBXNativeTarget "Vizion GatewayTests" */;
			buildPhases = (
				6E5EB42C2D3536B600A5DEA9 /* Sources */,
				6E5EB42D2D3536B600A5DEA9 /* Frameworks */,
				6E5EB42E2D3536B600A5DEA9 /* Resources */,
			);
			buildRules = (
			);
			dependencies = (
				6E5EB4322D3536B600A5DEA9 /* PBXTargetDependency */,
			);
			fileSystemSynchronizedGroups = (
				6E5EB4332D3536B600A5DEA9 /* Vizion GatewayTests */,
			);
			name = "Vizion GatewayTests";
			packageProductDependencies = (
			);
			productName = "Vizion GatewayTests";
			productReference = 6E5EB4302D3536B600A5DEA9 /* Vizion GatewayTests.xctest */;
			productType = "com.apple.product-type.bundle.unit-test";
		};
		6E5EB4392D3536B600A5DEA9 /* Vizion GatewayUITests */ = {
			isa = PBXNativeTarget;
			buildConfigurationList = 6E5EB44A2D3536B600A5DEA9 /* Build configuration list for PBXNativeTarget "Vizion GatewayUITests" */;
			buildPhases = (
				6E5EB4362D3536B600A5DEA9 /* Sources */,
				6E5EB4372D3536B600A5DEA9 /* Frameworks */,
				6E5EB4382D3536B600A5DEA9 /* Resources */,
			);
			buildRules = (
			);
			dependencies = (
				6E5EB43C2D3536B600A5DEA9 /* PBXTargetDependency */,
			);
			fileSystemSynchronizedGroups = (
				6E5EB43D2D3536B600A5DEA9 /* Vizion GatewayUITests */,
			);
			name = "Vizion GatewayUITests";
			packageProductDependencies = (
			);
			productName = "Vizion GatewayUITests";
			productReference = 6E5EB43A2D3536B600A5DEA9 /* Vizion GatewayUITests.xctest */;
			productType = "com.apple.product-type.bundle.ui-testing";
		};
/* End PBXNativeTarget section */

/* Begin PBXProject section */
		6E5EB4162D3536B400A5DEA9 /* Project object */ = {
			isa = PBXProject;
			attributes = {
				BuildIndependentTargetsInParallel = 1;
				LastSwiftUpdateCheck = 1620;
				LastUpgradeCheck = 1620;
				TargetAttributes = {
					6E5EB41D2D3536B400A5DEA9 = {
						CreatedOnToolsVersion = 16.2;
					};
					6E5EB42F2D3536B600A5DEA9 = {
						CreatedOnToolsVersion = 16.2;
						TestTargetID = 6E5EB41D2D3536B400A5DEA9;
					};
					6E5EB4392D3536B600A5DEA9 = {
						CreatedOnToolsVersion = 16.2;
						TestTargetID = 6E5EB41D2D3536B400A5DEA9;
					};
				};
			};
			buildConfigurationList = 6E5EB4192D3536B400A5DEA9 /* Build configuration list for PBXProject "Vizion Gateway" */;
			developmentRegion = en;
			hasScannedForEncodings = 0;
			knownRegions = (
				en,
				Base,
			);
			mainGroup = 6E5EB4152D3536B400A5DEA9;
			minimizedProjectReferenceProxies = 1;
			packageReferences = (
				6E8AAE5D2D7E105A002C2A1B /* XCRemoteSwiftPackageReference "firebase-ios-sdk" */,
			);
			preferredProjectObjectVersion = 77;
			productRefGroup = 6E5EB41F2D3536B400A5DEA9 /* Products */;
			projectDirPath = "";
			projectRoot = "";
			targets = (
				6E5EB41D2D3536B400A5DEA9 /* Vizion Gateway */,
				6E5EB42F2D3536B600A5DEA9 /* Vizion GatewayTests */,
				6E5EB4392D3536B600A5DEA9 /* Vizion GatewayUITests */,
			);
		};
/* End PBXProject section */

/* Begin PBXResourcesBuildPhase section */
		6E5EB41C2D3536B400A5DEA9 /* Resources */ = {
			isa = PBXResourcesBuildPhase;
			buildActionMask = 2147483647;
			files = (
			);
			runOnlyForDeploymentPostprocessing = 0;
		};
		6E5EB42E2D3536B600A5DEA9 /* Resources */ = {
			isa = PBXResourcesBuildPhase;
			buildActionMask = 2147483647;
			files = (
			);
			runOnlyForDeploymentPostprocessing = 0;
		};
		6E5EB4382D3536B600A5DEA9 /* Resources */ = {
			isa = PBXResourcesBuildPhase;
			buildActionMask = 2147483647;
			files = (
			);
			runOnlyForDeploymentPostprocessing = 0;
		};
/* End PBXResourcesBuildPhase section */

/* Begin PBXSourcesBuildPhase section */
		6E5EB41A2D3536B400A5DEA9 /* Sources */ = {
			isa = PBXSourcesBuildPhase;
			buildActionMask = 2147483647;
			files = (
			);
			runOnlyForDeploymentPostprocessing = 0;
		};
		6E5EB42C2D3536B600A5DEA9 /* Sources */ = {
			isa = PBXSourcesBuildPhase;
			buildActionMask = 2147483647;
			files = (
			);
			runOnlyForDeploymentPostprocessing = 0;
		};
		6E5EB4362D3536B600A5DEA9 /* Sources */ = {
			isa = PBXSourcesBuildPhase;
			buildActionMask = 2147483647;
			files = (
			);
			runOnlyForDeploymentPostprocessing = 0;
		};
/* End PBXSourcesBuildPhase section */

/* Begin PBXTargetDependency section */
		6E5EB4322D3536B600A5DEA9 /* PBXTargetDependency */ = {
			isa = PBXTargetDependency;
			target = 6E5EB41D2D3536B400A5DEA9 /* Vizion Gateway */;
			targetProxy = 6E5EB4312D3536B600A5DEA9 /* PBXContainerItemProxy */;
		};
		6E5EB43C2D3536B600A5DEA9 /* PBXTargetDependency */ = {
			isa = PBXTargetDependency;
			target = 6E5EB41D2D3536B400A5DEA9 /* Vizion Gateway */;
			targetProxy = 6E5EB43B2D3536B600A5DEA9 /* PBXContainerItemProxy */;
		};
/* End PBXTargetDependency section */

/* Begin XCBuildConfiguration section */
		6E5EB4422D3536B600A5DEA9 /* Debug */ = {
			isa = XCBuildConfiguration;
			buildSettings = {
				ALWAYS_SEARCH_USER_PATHS = NO;
				ASSETCATALOG_COMPILER_GENERATE_SWIFT_ASSET_SYMBOL_EXTENSIONS = YES;
				CLANG_ANALYZER_NONNULL = YES;
				CLANG_ANALYZER_NUMBER_OBJECT_CONVERSION = YES_AGGRESSIVE;
				CLANG_CXX_LANGUAGE_STANDARD = "gnu++20";
				CLANG_ENABLE_MODULES = YES;
				CLANG_ENABLE_OBJC_ARC = YES;
				CLANG_ENABLE_OBJC_WEAK = YES;
				CLANG_WARN_BLOCK_CAPTURE_AUTORELEASING = YES;
				CLANG_WARN_BOOL_CONVERSION = YES;
				CLANG_WARN_COMMA = YES;
				CLANG_WARN_CONSTANT_CONVERSION = YES;
				CLANG_WARN_DEPRECATED_OBJC_IMPLEMENTATIONS = YES;
				CLANG_WARN_DIRECT_OBJC_ISA_USAGE = YES_ERROR;
				CLANG_WARN_DOCUMENTATION_COMMENTS = YES;
				CLANG_WARN_EMPTY_BODY = YES;
				CLANG_WARN_ENUM_CONVERSION = YES;
				CLANG_WARN_INFINITE_RECURSION = YES;
				CLANG_WARN_INT_CONVERSION = YES;
				CLANG_WARN_NON_LITERAL_NULL_CONVERSION = YES;
				CLANG_WARN_OBJC_IMPLICIT_RETAIN_SELF = YES;
				CLANG_WARN_OBJC_LITERAL_CONVERSION = YES;
				CLANG_WARN_OBJC_ROOT_CLASS = YES_ERROR;
				CLANG_WARN_QUOTED_INCLUDE_IN_FRAMEWORK_HEADER = YES;
				CLANG_WARN_RANGE_LOOP_ANALYSIS = YES;
				CLANG_WARN_STRICT_PROTOTYPES = YES;
				CLANG_WARN_SUSPICIOUS_MOVE = YES;
				CLANG_WARN_UNGUARDED_AVAILABILITY = YES_AGGRESSIVE;
				CLANG_WARN_UNREACHABLE_CODE = YES;
				CLANG_WARN__DUPLICATE_METHOD_MATCH = YES;
				COPY_PHASE_STRIP = NO;
				DEBUG_INFORMATION_FORMAT = dwarf;
				ENABLE_STRICT_OBJC_MSGSEND = YES;
				ENABLE_TESTABILITY = YES;
				ENABLE_USER_SCRIPT_SANDBOXING = YES;
				GCC_C_LANGUAGE_STANDARD = gnu17;
				GCC_DYNAMIC_NO_PIC = NO;
				GCC_NO_COMMON_BLOCKS = YES;
				GCC_OPTIMIZATION_LEVEL = 0;
				GCC_PREPROCESSOR_DEFINITIONS = (
					"DEBUG=1",
					"$(inherited)",
				);
				GCC_WARN_64_TO_32_BIT_CONVERSION = YES;
				GCC_WARN_ABOUT_RETURN_TYPE = YES_ERROR;
				GCC_WARN_UNDECLARED_SELECTOR = YES;
				GCC_WARN_UNINITIALIZED_AUTOS = YES_AGGRESSIVE;
				GCC_WARN_UNUSED_FUNCTION = YES;
				GCC_WARN_UNUSED_VARIABLE = YES;
				IPHONEOS_DEPLOYMENT_TARGET = 18.2;
				LOCALIZATION_PREFERS_STRING_CATALOGS = YES;
				MTL_ENABLE_DEBUG_INFO = INCLUDE_SOURCE;
				MTL_FAST_MATH = YES;
				ONLY_ACTIVE_ARCH = YES;
				SDKROOT = iphoneos;
				SWIFT_ACTIVE_COMPILATION_CONDITIONS = "DEBUG $(inherited)";
				SWIFT_OPTIMIZATION_LEVEL = "-Onone";
			};
			name = Debug;
		};
		6E5EB4432D3536B600A5DEA9 /* Release */ = {
			isa = XCBuildConfiguration;
			buildSettings = {
				ALWAYS_SEARCH_USER_PATHS = NO;
				ASSETCATALOG_COMPILER_GENERATE_SWIFT_ASSET_SYMBOL_EXTENSIONS = YES;
				CLANG_ANALYZER_NONNULL = YES;
				CLANG_ANALYZER_NUMBER_OBJECT_CONVERSION = YES_AGGRESSIVE;
				CLANG_CXX_LANGUAGE_STANDARD = "gnu++20";
				CLANG_ENABLE_MODULES = YES;
				CLANG_ENABLE_OBJC_ARC = YES;
				CLANG_ENABLE_OBJC_WEAK = YES;
				CLANG_WARN_BLOCK_CAPTURE_AUTORELEASING = YES;
				CLANG_WARN_BOOL_CONVERSION = YES;
				CLANG_WARN_COMMA = YES;
				CLANG_WARN_CONSTANT_CONVERSION = YES;
				CLANG_WARN_DEPRECATED_OBJC_IMPLEMENTATIONS = YES;
				CLANG_WARN_DIRECT_OBJC_ISA_USAGE = YES_ERROR;
				CLANG_WARN_DOCUMENTATION_COMMENTS = YES;
				CLANG_WARN_EMPTY_BODY = YES;
				CLANG_WARN_ENUM_CONVERSION = YES;
				CLANG_WARN_INFINITE_RECURSION = YES;
				CLANG_WARN_INT_CONVERSION = YES;
				CLANG_WARN_NON_LITERAL_NULL_CONVERSION = YES;
				CLANG_WARN_OBJC_IMPLICIT_RETAIN_SELF = YES;
				CLANG_WARN_OBJC_LITERAL_CONVERSION = YES;
				CLANG_WARN_OBJC_ROOT_CLASS = YES_ERROR;
				CLANG_WARN_QUOTED_INCLUDE_IN_FRAMEWORK_HEADER = YES;
				CLANG_WARN_RANGE_LOOP_ANALYSIS = YES;
				CLANG_WARN_STRICT_PROTOTYPES = YES;
				CLANG_WARN_SUSPICIOUS_MOVE = YES;
				CLANG_WARN_UNGUARDED_AVAILABILITY = YES_AGGRESSIVE;
				CLANG_WARN_UNREACHABLE_CODE = YES;
				CLANG_WARN__DUPLICATE_METHOD_MATCH = YES;
				COPY_PHASE_STRIP = NO;
				DEBUG_INFORMATION_FORMAT = "dwarf-with-dsym";
				ENABLE_NS_ASSERTIONS = NO;
				ENABLE_STRICT_OBJC_MSGSEND = YES;
				ENABLE_USER_SCRIPT_SANDBOXING = YES;
				GCC_C_LANGUAGE_STANDARD = gnu17;
				GCC_NO_COMMON_BLOCKS = YES;
				GCC_WARN_64_TO_32_BIT_CONVERSION = YES;
				GCC_WARN_ABOUT_RETURN_TYPE = YES_ERROR;
				GCC_WARN_UNDECLARED_SELECTOR = YES;
				GCC_WARN_UNINITIALIZED_AUTOS = YES_AGGRESSIVE;
				GCC_WARN_UNUSED_FUNCTION = YES;
				GCC_WARN_UNUSED_VARIABLE = YES;
				IPHONEOS_DEPLOYMENT_TARGET = 18.2;
				LOCALIZATION_PREFERS_STRING_CATALOGS = YES;
				MTL_ENABLE_DEBUG_INFO = NO;
				MTL_FAST_MATH = YES;
				SDKROOT = iphoneos;
				SWIFT_COMPILATION_MODE = wholemodule;
				VALIDATE_PRODUCT = YES;
			};
			name = Release;
		};
		6E5EB4452D3536B600A5DEA9 /* Debug */ = {
			isa = XCBuildConfiguration;
			buildSettings = {
				ASSETCATALOG_COMPILER_APPICON_NAME = AppIcon;
				ASSETCATALOG_COMPILER_GLOBAL_ACCENT_COLOR_NAME = AccentColor;
				CODE_SIGN_STYLE = Automatic;
				CURRENT_PROJECT_VERSION = 1;
				DEVELOPMENT_ASSET_PATHS = "\"Vizion Gateway/Preview Content\"";
				DEVELOPMENT_TEAM = FA3S3BNUAS;
				ENABLE_PREVIEWS = YES;
				GENERATE_INFOPLIST_FILE = YES;
				INFOPLIST_KEY_UIApplicationSceneManifest_Generation = YES;
				INFOPLIST_KEY_UIApplicationSupportsIndirectInputEvents = YES;
				INFOPLIST_KEY_UILaunchScreen_Generation = YES;
				INFOPLIST_KEY_UISupportedInterfaceOrientations_iPad = "UIInterfaceOrientationPortrait UIInterfaceOrientationPortraitUpsideDown UIInterfaceOrientationLandscapeLeft UIInterfaceOrientationLandscapeRight";
				INFOPLIST_KEY_UISupportedInterfaceOrientations_iPhone = "UIInterfaceOrientationPortrait UIInterfaceOrientationLandscapeLeft UIInterfaceOrientationLandscapeRight";
				IPHONEOS_DEPLOYMENT_TARGET = 17.6;
				LD_RUNPATH_SEARCH_PATHS = (
					"$(inherited)",
					"@executable_path/Frameworks",
				);
				MARKETING_VERSION = 1.0;
				PRODUCT_BUNDLE_IDENTIFIER = "ATecH.Vizion-Gateway";
				PRODUCT_NAME = "$(TARGET_NAME)";
				SWIFT_EMIT_LOC_STRINGS = YES;
				SWIFT_VERSION = 5.0;
				TARGETED_DEVICE_FAMILY = "1,2";
			};
			name = Debug;
		};
		6E5EB4462D3536B600A5DEA9 /* Release */ = {
			isa = XCBuildConfiguration;
			buildSettings = {
				ASSETCATALOG_COMPILER_APPICON_NAME = AppIcon;
				ASSETCATALOG_COMPILER_GLOBAL_ACCENT_COLOR_NAME = AccentColor;
				CODE_SIGN_STYLE = Automatic;
				CURRENT_PROJECT_VERSION = 1;
				DEVELOPMENT_ASSET_PATHS = "\"Vizion Gateway/Preview Content\"";
				DEVELOPMENT_TEAM = FA3S3BNUAS;
				ENABLE_PREVIEWS = YES;
				GENERATE_INFOPLIST_FILE = YES;
				INFOPLIST_KEY_UIApplicationSceneManifest_Generation = YES;
				INFOPLIST_KEY_UIApplicationSupportsIndirectInputEvents = YES;
				INFOPLIST_KEY_UILaunchScreen_Generation = YES;
				INFOPLIST_KEY_UISupportedInterfaceOrientations_iPad = "UIInterfaceOrientationPortrait UIInterfaceOrientationPortraitUpsideDown UIInterfaceOrientationLandscapeLeft UIInterfaceOrientationLandscapeRight";
				INFOPLIST_KEY_UISupportedInterfaceOrientations_iPhone = "UIInterfaceOrientationPortrait UIInterfaceOrientationLandscapeLeft UIInterfaceOrientationLandscapeRight";
				IPHONEOS_DEPLOYMENT_TARGET = 17.6;
				LD_RUNPATH_SEARCH_PATHS = (
					"$(inherited)",
					"@executable_path/Frameworks",
				);
				MARKETING_VERSION = 1.0;
				PRODUCT_BUNDLE_IDENTIFIER = "ATecH.Vizion-Gateway";
				PRODUCT_NAME = "$(TARGET_NAME)";
				SWIFT_EMIT_LOC_STRINGS = YES;
				SWIFT_VERSION = 5.0;
				TARGETED_DEVICE_FAMILY = "1,2";
			};
			name = Release;
		};
		6E5EB4482D3536B600A5DEA9 /* Debug */ = {
			isa = XCBuildConfiguration;
			buildSettings = {
				BUNDLE_LOADER = "$(TEST_HOST)";
				CODE_SIGN_STYLE = Automatic;
				CURRENT_PROJECT_VERSION = 1;
				DEVELOPMENT_TEAM = FA3S3BNUAS;
				GENERATE_INFOPLIST_FILE = YES;
				IPHONEOS_DEPLOYMENT_TARGET = 18.2;
				MARKETING_VERSION = 1.0;
				PRODUCT_BUNDLE_IDENTIFIER = "ATecH.Vizion-GatewayTests";
				PRODUCT_NAME = "$(TARGET_NAME)";
				SWIFT_EMIT_LOC_STRINGS = NO;
				SWIFT_VERSION = 5.0;
				TARGETED_DEVICE_FAMILY = "1,2";
				TEST_HOST = "$(BUILT_PRODUCTS_DIR)/Vizion Gateway.app/$(BUNDLE_EXECUTABLE_FOLDER_PATH)/Vizion Gateway";
			};
			name = Debug;
		};
		6E5EB4492D3536B600A5DEA9 /* Release */ = {
			isa = XCBuildConfiguration;
			buildSettings = {
				BUNDLE_LOADER = "$(TEST_HOST)";
				CODE_SIGN_STYLE = Automatic;
				CURRENT_PROJECT_VERSION = 1;
				DEVELOPMENT_TEAM = FA3S3BNUAS;
				GENERATE_INFOPLIST_FILE = YES;
				IPHONEOS_DEPLOYMENT_TARGET = 18.2;
				MARKETING_VERSION = 1.0;
				PRODUCT_BUNDLE_IDENTIFIER = "ATecH.Vizion-GatewayTests";
				PRODUCT_NAME = "$(TARGET_NAME)";
				SWIFT_EMIT_LOC_STRINGS = NO;
				SWIFT_VERSION = 5.0;
				TARGETED_DEVICE_FAMILY = "1,2";
				TEST_HOST = "$(BUILT_PRODUCTS_DIR)/Vizion Gateway.app/$(BUNDLE_EXECUTABLE_FOLDER_PATH)/Vizion Gateway";
			};
			name = Release;
		};
		6E5EB44B2D3536B600A5DEA9 /* Debug */ = {
			isa = XCBuildConfiguration;
			buildSettings = {
				CODE_SIGN_STYLE = Automatic;
				CURRENT_PROJECT_VERSION = 1;
				DEVELOPMENT_TEAM = FA3S3BNUAS;
				GENERATE_INFOPLIST_FILE = YES;
				MARKETING_VERSION = 1.0;
				PRODUCT_BUNDLE_IDENTIFIER = "ATecH.Vizion-GatewayUITests";
				PRODUCT_NAME = "$(TARGET_NAME)";
				SWIFT_EMIT_LOC_STRINGS = NO;
				SWIFT_VERSION = 5.0;
				TARGETED_DEVICE_FAMILY = "1,2";
				TEST_TARGET_NAME = "Vizion Gateway";
			};
			name = Debug;
		};
		6E5EB44C2D3536B600A5DEA9 /* Release */ = {
			isa = XCBuildConfiguration;
			buildSettings = {
				CODE_SIGN_STYLE = Automatic;
				CURRENT_PROJECT_VERSION = 1;
				DEVELOPMENT_TEAM = FA3S3BNUAS;
				GENERATE_INFOPLIST_FILE = YES;
				MARKETING_VERSION = 1.0;
				PRODUCT_BUNDLE_IDENTIFIER = "ATecH.Vizion-GatewayUITests";
				PRODUCT_NAME = "$(TARGET_NAME)";
				SWIFT_EMIT_LOC_STRINGS = NO;
				SWIFT_VERSION = 5.0;
				TARGETED_DEVICE_FAMILY = "1,2";
				TEST_TARGET_NAME = "Vizion Gateway";
			};
			name = Release;
		};
/* End XCBuildConfiguration section */

/* Begin XCConfigurationList section */
		6E5EB4192D3536B400A5DEA9 /* Build configuration list for PBXProject "Vizion Gateway" */ = {
			isa = XCConfigurationList;
			buildConfigurations = (
				6E5EB4422D3536B600A5DEA9 /* Debug */,
				6E5EB4432D3536B600A5DEA9 /* Release */,
			);
			defaultConfigurationIsVisible = 0;
			defaultConfigurationName = Release;
		};
		6E5EB4442D3536B600A5DEA9 /* Build configuration list for PBXNativeTarget "Vizion Gateway" */ = {
			isa = XCConfigurationList;
			buildConfigurations = (
				6E5EB4452D3536B600A5DEA9 /* Debug */,
				6E5EB4462D3536B600A5DEA9 /* Release */,
			);
			defaultConfigurationIsVisible = 0;
			defaultConfigurationName = Release;
		};
		6E5EB4472D3536B600A5DEA9 /* Build configuration list for PBXNativeTarget "Vizion GatewayTests" */ = {
			isa = XCConfigurationList;
			buildConfigurations = (
				6E5EB4482D3536B600A5DEA9 /* Debug */,
				6E5EB4492D3536B600A5DEA9 /* Release */,
			);
			defaultConfigurationIsVisible = 0;
			defaultConfigurationName = Release;
		};
		6E5EB44A2D3536B600A5DEA9 /* Build configuration list for PBXNativeTarget "Vizion GatewayUITests" */ = {
			isa = XCConfigurationList;
			buildConfigurations = (
				6E5EB44B2D3536B600A5DEA9 /* Debug */,
				6E5EB44C2D3536B600A5DEA9 /* Release */,
			);
			defaultConfigurationIsVisible = 0;
			defaultConfigurationName = Release;
		};
/* End XCConfigurationList section */

/* Begin XCRemoteSwiftPackageReference section */
		6E8AAE5D2D7E105A002C2A1B /* XCRemoteSwiftPackageReference "firebase-ios-sdk" */ = {
			isa = XCRemoteSwiftPackageReference;
			repositoryURL = "https://github.com/firebase/firebase-ios-sdk";
			requirement = {
				kind = upToNextMajorVersion;
				minimumVersion = 11.9.0;
			};
		};
/* End XCRemoteSwiftPackageReference section */

/* Begin XCSwiftPackageProductDependency section */
		6E8AAE5E2D7E105B002C2A1B /* FirebaseAnalytics */ = {
			isa = XCSwiftPackageProductDependency;
			package = 6E8AAE5D2D7E105A002C2A1B /* XCRemoteSwiftPackageReference "firebase-ios-sdk" */;
			productName = FirebaseAnalytics;
		};
		6E8AAE612D7E10B8002C2A1B /* FirebaseAuth */ = {
			isa = XCSwiftPackageProductDependency;
			package = 6E8AAE5D2D7E105A002C2A1B /* XCRemoteSwiftPackageReference "firebase-ios-sdk" */;
			productName = FirebaseAuth;
		};
		6E8AAE632D7E10B8002C2A1B /* FirebaseCore */ = {
			isa = XCSwiftPackageProductDependency;
			package = 6E8AAE5D2D7E105A002C2A1B /* XCRemoteSwiftPackageReference "firebase-ios-sdk" */;
			productName = FirebaseCore;
		};
		6E8AAE652D7E10B8002C2A1B /* FirebaseDatabase */ = {
			isa = XCSwiftPackageProductDependency;
			package = 6E8AAE5D2D7E105A002C2A1B /* XCRemoteSwiftPackageReference "firebase-ios-sdk" */;
			productName = FirebaseDatabase;
		};
		6E8AAE672D7E10B8002C2A1B /* FirebaseFirestore */ = {
			isa = XCSwiftPackageProductDependency;
			package = 6E8AAE5D2D7E105A002C2A1B /* XCRemoteSwiftPackageReference "firebase-ios-sdk" */;
			productName = FirebaseFirestore;
		};
		6E8AAE692D7E10B8002C2A1B /* FirebaseFunctions */ = {
			isa = XCSwiftPackageProductDependency;
			package = 6E8AAE5D2D7E105A002C2A1B /* XCRemoteSwiftPackageReference "firebase-ios-sdk" */;
			productName = FirebaseFunctions;
		};
		6E8AAE6B2D7E10B8002C2A1B /* FirebaseMessaging */ = {
			isa = XCSwiftPackageProductDependency;
			package = 6E8AAE5D2D7E105A002C2A1B /* XCRemoteSwiftPackageReference "firebase-ios-sdk" */;
			productName = FirebaseMessaging;
		};
		6E8AAE6D2D7E10B8002C2A1B /* FirebaseStorage */ = {
			isa = XCSwiftPackageProductDependency;
			package = 6E8AAE5D2D7E105A002C2A1B /* XCRemoteSwiftPackageReference "firebase-ios-sdk" */;
			productName = FirebaseStorage;
		};
/* End XCSwiftPackageProductDependency section */
	};
	rootObject = 6E5EB4162D3536B400A5DEA9 /* Project object */;
}
